
Microsoft Visual Studio Solution File, Format Version 12.00
# Visual Studio Version 16
VisualStudioVersion = 16.0.29411.108
MinimumVisualStudioVersion = 10.0.40219.1
Project("{FAE04EC0-301F-11D3-BF4B-00C04F79EFBC}") = "LibWarDB2", "LibWarDB2\LibWarDB2.csproj", "{C6094C7B-8781-493F-8036-323E9BAB9E1E}"
EndProject
Global
	GlobalSection(SolutionConfigurationPlatforms) = preSolution
		Debug|Any CPU = Debug|Any CPU
		Release|Any CPU = Release|Any CPU
	EndGlobalSection
	GlobalSection(ProjectConfigurationPlatforms) = postSolution
		{C6094C7B-8781-493F-8036-323E9BAB9E1E}.Debug|Any CPU.ActiveCfg = Debug|Any CPU
		{C6094C7B-8781-493F-8036-323E9BAB9E1E}.Debug|Any CPU.Build.0 = Debug|Any CPU
		{C6094C7B-8781-493F-8036-323E9BAB9E1E}.Release|Any CPU.ActiveCfg = Release|Any CPU
		{C6094C7B-8781-493F-8036-323E9BAB9E1E}.Release|Any CPU.Build.0 = Release|Any CPU
	EndGlobalSection
	GlobalSection(SolutionProperties) = preSolution
		HideSolutionNode = FALSE
	EndGlobalSection
	GlobalSection(ExtensibilityGlobals) = postSolution
		SolutionGuid = {C0801044-C5F1-4A21-BD86-F4419CB9D502}
	EndGlobalSection
EndGlobal
