
Microsoft Visual Studio Solution File, Format Version 12.00
# Visual Studio Version 16
VisualStudioVersion = 16.0.29411.108
MinimumVisualStudioVersion = 10.0.40219.1
Project("{9A19103F-16F7-4668-BE54-9A1E7A4F7556}") = "LibWarDB2", "LibWarDB2\LibWarDB2.csproj", "{C6094C7B-8781-493F-8036-323E9BAB9E1E}"
EndProject
Project("{9A19103F-16F7-4668-BE54-9A1E7A4F7556}") = "LibWarDB2TestProject", "LibWarDB2TestProject\LibWarDB2TestProject.csproj", "{7EC3EF6B-E759-462F-9E22-4F69910D3E14}"
EndProject
Project("{F184B08F-C81C-45F6-A57F-5ABD9991F28F}") = "LibWarDB2VB", "LibWarDB2VB\LibWarDB2VB.vbproj", "{5417F3C4-BD2C-4DE5-9547-D38EF1BA2897}"
EndProject
Project("{F184B08F-C81C-45F6-A57F-5ABD9991F28F}") = "LibWarDB2VBTestProject", "LibWarDB2VBTestProject\LibWarDB2VBTestProject.vbproj", "{E0805DED-AECB-4DE1-B13D-EFDA1DF88B9E}"
EndProject
Global
	GlobalSection(SolutionConfigurationPlatforms) = preSolution
		Debug|Any CPU = Debug|Any CPU
		Release|Any CPU = Release|Any CPU
	EndGlobalSection
	GlobalSection(ProjectConfigurationPlatforms) = postSolution
		{C6094C7B-8781-493F-8036-323E9BAB9E1E}.Debug|Any CPU.ActiveCfg = Debug|Any CPU
		{C6094C7B-8781-493F-8036-323E9BAB9E1E}.Debug|Any CPU.Build.0 = Debug|Any CPU
		{C6094C7B-8781-493F-8036-323E9BAB9E1E}.Release|Any CPU.ActiveCfg = Release|Any CPU
		{C6094C7B-8781-493F-8036-323E9BAB9E1E}.Release|Any CPU.Build.0 = Release|Any CPU
		{7EC3EF6B-E759-462F-9E22-4F69910D3E14}.Debug|Any CPU.ActiveCfg = Debug|Any CPU
		{7EC3EF6B-E759-462F-9E22-4F69910D3E14}.Debug|Any CPU.Build.0 = Debug|Any CPU
		{7EC3EF6B-E759-462F-9E22-4F69910D3E14}.Release|Any CPU.ActiveCfg = Release|Any CPU
		{7EC3EF6B-E759-462F-9E22-4F69910D3E14}.Release|Any CPU.Build.0 = Release|Any CPU
		{5417F3C4-BD2C-4DE5-9547-D38EF1BA2897}.Debug|Any CPU.ActiveCfg = Debug|Any CPU
		{5417F3C4-BD2C-4DE5-9547-D38EF1BA2897}.Debug|Any CPU.Build.0 = Debug|Any CPU
		{5417F3C4-BD2C-4DE5-9547-D38EF1BA2897}.Release|Any CPU.ActiveCfg = Release|Any CPU
		{5417F3C4-BD2C-4DE5-9547-D38EF1BA2897}.Release|Any CPU.Build.0 = Release|Any CPU
		{E0805DED-AECB-4DE1-B13D-EFDA1DF88B9E}.Debug|Any CPU.ActiveCfg = Debug|Any CPU
		{E0805DED-AECB-4DE1-B13D-EFDA1DF88B9E}.Debug|Any CPU.Build.0 = Debug|Any CPU
		{E0805DED-AECB-4DE1-B13D-EFDA1DF88B9E}.Release|Any CPU.ActiveCfg = Release|Any CPU
		{E0805DED-AECB-4DE1-B13D-EFDA1DF88B9E}.Release|Any CPU.Build.0 = Release|Any CPU
	EndGlobalSection
	GlobalSection(SolutionProperties) = preSolution
		HideSolutionNode = FALSE
	EndGlobalSection
	GlobalSection(ExtensibilityGlobals) = postSolution
		SolutionGuid = {C0801044-C5F1-4A21-BD86-F4419CB9D502}
	EndGlobalSection
EndGlobal
